
Microsoft Visual Studio Solution File, Format Version 12.00
# Visual Studio Version 17
VisualStudioVersion = 17.14.36310.24
MinimumVisualStudioVersion = 10.0.40219.1
Project("{FAE04EC0-301F-11D3-BF4B-00C04F79EFBC}") = "Serin", "Serin.csproj", "{D6CE3CB0-07B0-43B6-9D7E-074E37CFA5AC}"
EndProject
Project("{54435603-DBB4-11D2-8724-00A0C9A8B90C}") = "Serin-Setup", "..\Serin-Setup\Serin-Setup.vdproj", "{83307279-62B9-90A5-DA1E-62E03EB1C254}"
EndProject
Project("{8BC9CEB8-8B4A-11D0-8D11-00A0C91BC942}") = "Serin-Reader", "..\Serin-Reader\Serin-Reader.vcxproj", "{DC4C0742-2E99-4B65-A994-D02ED07994DB}"
EndProject
Project("{FAE04EC0-301F-11D3-BF4B-00C04F79EFBC}") = "Serin App", "..\Serin-App\Serin App.csproj", "{39F1C04C-7CE8-1379-F52E-F77C61BDA032}"
EndProject
Project("{54435603-DBB4-11D2-8724-00A0C9A8B90C}") = "Serin Installer", "..\Serin Installer\Serin Installer.vdproj", "{A5B30CFB-8836-CCFA-7975-B7086656CA16}"
EndProject
Global
	GlobalSection(SolutionConfigurationPlatforms) = preSolution
		Debug|Any CPU = Debug|Any CPU
		Debug|ARM64 = Debug|ARM64
		Debug|x64 = Debug|x64
		Release|Any CPU = Release|Any CPU
		Release|ARM64 = Release|ARM64
		Release|x64 = Release|x64
	EndGlobalSection
	GlobalSection(ProjectConfigurationPlatforms) = postSolution
		{D6CE3CB0-07B0-43B6-9D7E-074E37CFA5AC}.Debug|Any CPU.ActiveCfg = Debug|Any CPU
		{D6CE3CB0-07B0-43B6-9D7E-074E37CFA5AC}.Debug|Any CPU.Build.0 = Debug|Any CPU
		{D6CE3CB0-07B0-43B6-9D7E-074E37CFA5AC}.Debug|ARM64.ActiveCfg = Debug|Any CPU
		{D6CE3CB0-07B0-43B6-9D7E-074E37CFA5AC}.Debug|ARM64.Build.0 = Debug|Any CPU
		{D6CE3CB0-07B0-43B6-9D7E-074E37CFA5AC}.Debug|x64.ActiveCfg = Debug|x64
		{D6CE3CB0-07B0-43B6-9D7E-074E37CFA5AC}.Debug|x64.Build.0 = Debug|x64
		{D6CE3CB0-07B0-43B6-9D7E-074E37CFA5AC}.Release|Any CPU.ActiveCfg = Release|Any CPU
		{D6CE3CB0-07B0-43B6-9D7E-074E37CFA5AC}.Release|Any CPU.Build.0 = Release|Any CPU
		{D6CE3CB0-07B0-43B6-9D7E-074E37CFA5AC}.Release|ARM64.ActiveCfg = Release|Any CPU
		{D6CE3CB0-07B0-43B6-9D7E-074E37CFA5AC}.Release|ARM64.Build.0 = Release|Any CPU
		{D6CE3CB0-07B0-43B6-9D7E-074E37CFA5AC}.Release|x64.ActiveCfg = Release|x64
		{D6CE3CB0-07B0-43B6-9D7E-074E37CFA5AC}.Release|x64.Build.0 = Release|x64
		{83307279-62B9-90A5-DA1E-62E03EB1C254}.Debug|Any CPU.ActiveCfg = Debug
		{83307279-62B9-90A5-DA1E-62E03EB1C254}.Debug|ARM64.ActiveCfg = Debug
		{83307279-62B9-90A5-DA1E-62E03EB1C254}.Debug|ARM64.Build.0 = Debug
		{83307279-62B9-90A5-DA1E-62E03EB1C254}.Debug|x64.ActiveCfg = Debug
		{83307279-62B9-90A5-DA1E-62E03EB1C254}.Release|Any CPU.ActiveCfg = Release
		{83307279-62B9-90A5-DA1E-62E03EB1C254}.Release|ARM64.ActiveCfg = Release
		{83307279-62B9-90A5-DA1E-62E03EB1C254}.Release|ARM64.Build.0 = Release
		{83307279-62B9-90A5-DA1E-62E03EB1C254}.Release|x64.ActiveCfg = Release
		{83307279-62B9-90A5-DA1E-62E03EB1C254}.Release|x64.Build.0 = Release
		{DC4C0742-2E99-4B65-A994-D02ED07994DB}.Debug|Any CPU.ActiveCfg = Debug|x64
		{DC4C0742-2E99-4B65-A994-D02ED07994DB}.Debug|Any CPU.Build.0 = Debug|x64
		{DC4C0742-2E99-4B65-A994-D02ED07994DB}.Debug|ARM64.ActiveCfg = Debug|x64
		{DC4C0742-2E99-4B65-A994-D02ED07994DB}.Debug|ARM64.Build.0 = Debug|x64
		{DC4C0742-2E99-4B65-A994-D02ED07994DB}.Debug|x64.ActiveCfg = Debug|x64
		{DC4C0742-2E99-4B65-A994-D02ED07994DB}.Debug|x64.Build.0 = Debug|x64
		{DC4C0742-2E99-4B65-A994-D02ED07994DB}.Release|Any CPU.ActiveCfg = Release|x64
		{DC4C0742-2E99-4B65-A994-D02ED07994DB}.Release|Any CPU.Build.0 = Release|x64
		{DC4C0742-2E99-4B65-A994-D02ED07994DB}.Release|ARM64.ActiveCfg = Release|x64
		{DC4C0742-2E99-4B65-A994-D02ED07994DB}.Release|ARM64.Build.0 = Release|x64
		{DC4C0742-2E99-4B65-A994-D02ED07994DB}.Release|x64.ActiveCfg = Release|x64
		{DC4C0742-2E99-4B65-A994-D02ED07994DB}.Release|x64.Build.0 = Release|x64
		{39F1C04C-7CE8-1379-F52E-F77C61BDA032}.Debug|Any CPU.ActiveCfg = Debug|Any CPU
		{39F1C04C-7CE8-1379-F52E-F77C61BDA032}.Debug|Any CPU.Build.0 = Debug|Any CPU
		{39F1C04C-7CE8-1379-F52E-F77C61BDA032}.Debug|ARM64.ActiveCfg = Debug|ARM64
		{39F1C04C-7CE8-1379-F52E-F77C61BDA032}.Debug|ARM64.Build.0 = Debug|ARM64
		{39F1C04C-7CE8-1379-F52E-F77C61BDA032}.Debug|x64.ActiveCfg = Debug|x64
		{39F1C04C-7CE8-1379-F52E-F77C61BDA032}.Debug|x64.Build.0 = Debug|x64
		{39F1C04C-7CE8-1379-F52E-F77C61BDA032}.Release|Any CPU.ActiveCfg = Release|Any CPU
		{39F1C04C-7CE8-1379-F52E-F77C61BDA032}.Release|Any CPU.Build.0 = Release|Any CPU
		{39F1C04C-7CE8-1379-F52E-F77C61BDA032}.Release|ARM64.ActiveCfg = Release|ARM64
		{39F1C04C-7CE8-1379-F52E-F77C61BDA032}.Release|ARM64.Build.0 = Release|ARM64
		{39F1C04C-7CE8-1379-F52E-F77C61BDA032}.Release|x64.ActiveCfg = Release|x64
		{39F1C04C-7CE8-1379-F52E-F77C61BDA032}.Release|x64.Build.0 = Release|x64
		{A5B30CFB-8836-CCFA-7975-B7086656CA16}.Debug|Any CPU.ActiveCfg = Debug
		{A5B30CFB-8836-CCFA-7975-B7086656CA16}.Debug|Any CPU.Build.0 = Debug
		{A5B30CFB-8836-CCFA-7975-B7086656CA16}.Debug|ARM64.ActiveCfg = Debug
		{A5B30CFB-8836-CCFA-7975-B7086656CA16}.Debug|ARM64.Build.0 = Debug
		{A5B30CFB-8836-CCFA-7975-B7086656CA16}.Debug|x64.ActiveCfg = Debug
		{A5B30CFB-8836-CCFA-7975-B7086656CA16}.Debug|x64.Build.0 = Debug
		{A5B30CFB-8836-CCFA-7975-B7086656CA16}.Release|Any CPU.ActiveCfg = Release
		{A5B30CFB-8836-CCFA-7975-B7086656CA16}.Release|Any CPU.Build.0 = Release
		{A5B30CFB-8836-CCFA-7975-B7086656CA16}.Release|ARM64.ActiveCfg = Release
		{A5B30CFB-8836-CCFA-7975-B7086656CA16}.Release|ARM64.Build.0 = Release
		{A5B30CFB-8836-CCFA-7975-B7086656CA16}.Release|x64.ActiveCfg = Release
		{A5B30CFB-8836-CCFA-7975-B7086656CA16}.Release|x64.Build.0 = Release
	EndGlobalSection
	GlobalSection(SolutionProperties) = preSolution
		HideSolutionNode = FALSE
	EndGlobalSection
	GlobalSection(ExtensibilityGlobals) = postSolution
		SolutionGuid = {9942B9FF-0519-4A48-A950-605ACDB683F6}
	EndGlobalSection
EndGlobal
